<?xml version="1.0" encoding="utf-8"?>
<Project ToolsVersion="4.0" xmlns="http://schemas.microsoft.com/developer/msbuild/2003">
  <ItemGroup>
    <ClCompile Include="externals\imgui\imgui_draw.cpp">
      <Filter>imgui</Filter>
    </ClCompile>
    <ClCompile Include="externals\imgui\imgui_tables.cpp">
      <Filter>imgui</Filter>
    </ClCompile>
    <ClCompile Include="externals\imgui\imgui_widgets.cpp">
      <Filter>imgui</Filter>
    </ClCompile>
    <ClCompile Include="externals\imgui\imgui.cpp">
      <Filter>imgui</Filter>
    </ClCompile>
    <ClCompile Include="externals\imgui\imgui_demo.cpp">
      <Filter>imgui</Filter>
    </ClCompile>
    <ClCompile Include="externals\imgui\backends\imgui_impl_glfw.cpp">
      <Filter>imgui</Filter>
    </ClCompile>
    <ClCompile Include="externals\imgui\backends\imgui_impl_opengl3.cpp">
      <Filter>imgui</Filter>
    </ClCompile>
    <ClCompile Include="src\Utils\Utils.cpp">
      <Filter>Utils</Filter>
    </ClCompile>
    <ClCompile Include="src\win\win_native.cpp">
      <Filter>win</Filter>
    </ClCompile>
    <ClCompile Include="src\views\MainView.cpp">
      <Filter>views</Filter>
    </ClCompile>
    <ClCompile Include="src\main.cpp" />
    <ClCompile Include="src\Application.cpp" />
    <ClCompile Include="src\mouse.cpp" />
    <ClCompile Include="src\Config.cpp" />
    <ClCompile Include="src\npad_controller.cpp" />
  </ItemGroup>
  <ItemGroup>
    <ClInclude Include="externals\imgui\imgui_internal.h">
      <Filter>imgui</Filter>
    </ClInclude>
    <ClInclude Include="externals\imgui\imstb_rectpack.h">
      <Filter>imgui</Filter>
    </ClInclude>
    <ClInclude Include="externals\imgui\imstb_textedit.h">
      <Filter>imgui</Filter>
    </ClInclude>
    <ClInclude Include="externals\imgui\imstb_truetype.h">
      <Filter>imgui</Filter>
    </ClInclude>
    <ClInclude Include="externals\imgui\imconfig.h">
      <Filter>imgui</Filter>
    </ClInclude>
    <ClInclude Include="externals\imgui\imgui.h">
      <Filter>imgui</Filter>
    </ClInclude>
    <ClInclude Include="externals\imgui\backends\imgui_impl_glfw.h">
      <Filter>imgui</Filter>
    </ClInclude>
    <ClInclude Include="externals\imgui\backends\imgui_impl_opengl3.h">
      <Filter>imgui</Filter>
    </ClInclude>
    <ClInclude Include="externals\imgui\backends\imgui_impl_opengl3_loader.h">
      <Filter>imgui</Filter>
    </ClInclude>
    <ClInclude Include="externals\glfw\include\GLFW\glfw3.h">
      <Filter>glfw</Filter>
    </ClInclude>
    <ClInclude Include="externals\glfw\include\GLFW\glfw3native.h">
      <Filter>glfw</Filter>
    </ClInclude>
    <ClInclude Include="src\Utils\EventSystem.h">
      <Filter>Utils</Filter>
    </ClInclude>
    <ClInclude Include="src\Utils\Utils.h">
      <Filter>Utils</Filter>
    </ClInclude>
    <ClInclude Include="src\Utils\vec.h">
      <Filter>Utils</Filter>
    </ClInclude>
    <ClInclude Include="src\Utils\iniparser.hpp">
      <Filter>Utils</Filter>
    </ClInclude>
    <ClInclude Include="src\views\View.h">
      <Filter>views</Filter>
    </ClInclude>
    <ClInclude Include="src\views\MainView.h">
      <Filter>views</Filter>
    </ClInclude>
    <ClInclude Include="src\win\win_native.h">
      <Filter>win</Filter>
    </ClInclude>
    <ClInclude Include="src\Application.h" />
    <ClInclude Include="src\native.h" />
    <ClInclude Include="src\mouse.h" />
    <ClInclude Include="src\Config.h" />
    <ClInclude Include="src\npad_controller.h" />
  </ItemGroup>
  <ItemGroup>
    <Filter Include="imgui">
      <UniqueIdentifier>{389fc51b-3c3c-4ed2-823a-c9e3102404a7}</UniqueIdentifier>
    </Filter>
    <Filter Include="glfw">
      <UniqueIdentifier>{9ae5bce2-747b-4a17-887e-a1ee275756ab}</UniqueIdentifier>
    </Filter>
    <Filter Include="win">
      <UniqueIdentifier>{3e72e7cf-f315-4008-b03a-bcccd8710d3f}</UniqueIdentifier>
    </Filter>
    <Filter Include="Utils">
      <UniqueIdentifier>{c507b920-8a57-48da-838c-98197f3f4d4a}</UniqueIdentifier>
    </Filter>
    <Filter Include="views">
      <UniqueIdentifier>{46b40a8f-64a4-43b8-be00-62a028b1ca10}</UniqueIdentifier>
    </Filter>
  </ItemGroup>
</Project>